
Microsoft Visual Studio Solution File, Format Version 12.00
# Visual Studio Version 17
VisualStudioVersion = 17.10.35013.160
MinimumVisualStudioVersion = 10.0.40219.1
Project("{9A19103F-16F7-4668-BE54-9A1E7A4F7556}") = "RichPresenceGUI", "RichPresenceGUI\RichPresenceGUI.csproj", "{47AA63AB-54E2-4CF2-A51D-64DC45B26AA7}"
EndProject
Project("{FAE04EC0-301F-11D3-BF4B-00C04F79EFBC}") = "ControlsLib", "ControlsLib\ControlsLib.csproj", "{F5567CD6-D90D-4EB1-9323-5030E8607407}"
EndProject
Global
	GlobalSection(SolutionConfigurationPlatforms) = preSolution
		Debug|x64 = Debug|x64
		Release|x64 = Release|x64
	EndGlobalSection
	GlobalSection(ProjectConfigurationPlatforms) = postSolution
		{47AA63AB-54E2-4CF2-A51D-64DC45B26AA7}.Debug|x64.ActiveCfg = Debug|x64
		{47AA63AB-54E2-4CF2-A51D-64DC45B26AA7}.Debug|x64.Build.0 = Debug|x64
		{47AA63AB-54E2-4CF2-A51D-64DC45B26AA7}.Release|x64.ActiveCfg = Release|x64
		{47AA63AB-54E2-4CF2-A51D-64DC45B26AA7}.Release|x64.Build.0 = Release|x64
		{F5567CD6-D90D-4EB1-9323-5030E8607407}.Debug|x64.ActiveCfg = Debug|Any CPU
		{F5567CD6-D90D-4EB1-9323-5030E8607407}.Debug|x64.Build.0 = Debug|Any CPU
		{F5567CD6-D90D-4EB1-9323-5030E8607407}.Release|x64.ActiveCfg = Release|Any CPU
		{F5567CD6-D90D-4EB1-9323-5030E8607407}.Release|x64.Build.0 = Release|Any CPU
	EndGlobalSection
	GlobalSection(SolutionProperties) = preSolution
		HideSolutionNode = FALSE
	EndGlobalSection
	GlobalSection(ExtensibilityGlobals) = postSolution
		SolutionGuid = {440B558E-AF9A-43D1-AE2C-D6337FA554EF}
	EndGlobalSection
EndGlobal
